%MC;(ip multicast or ip6 multicast)

%SSDP;${%MC} && udp dst port 1900
%LLMNR;${%MC} && udp dst port 5355
%MDNS;${%MC} && udp dst port 5353
%NB-NS;${%MC} && udp dst port 137
%NB-DGM;${%MC} && udp dst port 138
%DP-LSP;${%MC} && udp dst port 17500
%TRAP-DAEMON;${%MC} && udp dst port 3600
%DHCP4;${%MC} && udp port (67 || 68)
%DHCP6;${%MC} && udp port (546 || 547)
%WS-DISC;${%MC} && udp port 3702
%WSP;${%MC} && udp dst port 9200
%TEREDO;${%MC} && udp dst port 3544
%SPOTIFY;${%MC} && udp dst port 57621
%SIP;${%MC} && udp dst port 5060
%BT-LPD;${%MC} && udp dst port 6771
%NVBM;${%MC} && udp dst port 8225
%SVRLOC;${%MC} && udp dst port 427
%ENPC;${%MC} && udp dst port 3289
%QTSTREAM;${%MC} && udp dst port 7555
%HDHOMERUN;${%MC} && udp dst port 65001
%PLEX-DISC0;${%MC} && udp dst port 32410
%PLEX-DISC2;${%MC} && udp dst port 32412
%PLEX-DISC3;${%MC} && udp dst port 32413
%PLEX-DISC4;${%MC} && udp dst port 32414
%BT-UTP;${%MC} && udp dst port 16680
%WF-BSSERV;${%MC} && udp dst port 61117
%FAXIMUM;${%MC} && udp dst port 7437
%TOMCAT;${%MC} && udp dst port 9006
%DISTINCT;${%MC} && udp dst port 9999
%UDP-25412;${%MC} && udp dst port 25412
%UDP-10203;${%MC} && udp dst port 10203
%UDP-60128;${%MC} && udp dst port 60128
%COREL-VNC;${%MC} && udp dst port 2654
%HPVMMCTRL;${%MC} && udp dst port 1124
%CBT;${%MC} && udp dst port 7777
%MCAFEE;${%MC} && udp dst port 6646
%UDP-39455;${%MC} && udp dst port 39455
%UDP-889;${%MC} && udp dst port 889
%UDP-16962;${%MC} && udp dst port 16962
%TSEQ;${%MC} && udp dst port 0
%CANON-BJNP;${%MC} && udp dst port 8612
%RIP;${%MC} && udp dst port 520
%RIPNG;${%MC} && udp dst port 521
%OSPF;${%MC} && ip proto 0x59
%PIM;${%MC} && ((ip proto 103) or ((ip proto 2) and (ip[20] == 0x14)))
%BABEL;${%MC} && udp dst port 6696
%RESPONDD-QRY;${%MC} && udp dst port 1001

%HBH6;${%MC} && ip6 proto 0
%ICMP6;${%MC} && ip6 proto 58
%ICMP6:ECHOREQ;${%ICMP6} && icmp6[icmp6type] = icmp6-echo
%ICMP6:ECHOREP;${%ICMP6} && icmp6[icmp6type] = icmp6-echoreply
%ICMP6:NDSOL;${%ICMP6} && icmp6[icmp6type] = icmp6-neighborsolicit
%ICMP6:NDADV;${%ICMP6} && icmp6[icmp6type] = icmp6-neighboradvert
%ICMP6:NDADV:UNSOL;${%ICMP6:NDADV} and ip6 host ff02::1
%ICMP6:NDADV:OTHER;${%ICMP6:NDADV} and not (ip6 host ff02::1)
%ICMP6:RTRSOL;${%ICMP6} && icmp6[icmp6type] = icmp6-routersolicit
%ICMP6:RTRADV;${%ICMP6} && icmp6[icmp6type] = icmp6-routeradvert

IP4;ip
IP6;ip6
BLA;arp and arp[0:2] = 0x0001 and arp[2:2] = 0x0800 and arp[6:2] = 0x0002 and arp[14:4] = 0x00000000 and arp[18:2] = 0xff43 and arp[20:1] = 0x05 and arp[24:4] = 0x00000000
ARP;arp and not ${BLA}
IPX;ipx
NETBEUI;netbeui

IP4:IGMP;${IP4} && igmp
IP4:IGMP:QUERY-V1;${IP4:IGMP} and igmp[0] = 0x11 and ip[2:2] = 0x0020 and igmp[1] = 0x00
IP4:IGMP:QUERY-V2;${IP4:IGMP} and igmp[0] = 0x11 and ip[2:2] = 0x0020 and not (igmp[1] = 0x00)
IP4:IGMP:QUERY-V3;${IP4:IGMP} and igmp[0] = 0x11 and ip[2:2] >= 0x0024
IP4:IGMP:QUERY-UNKNOWN;${IP4:IGMP} and igmp[0] = 0x11 and not ((ip[2:2] = 0x0020 and igmp[1] = 0x00) or (ip[2:2] = 0x0020 and not (igmp[1] = 0x00)) or ip[2:2] >= 0x0024)
IP4:IGMP:REPORT-V1;${IP4:IGMP} and igmp[0] = 0x12
IP4:IGMP:REPORT-V2;${IP4:IGMP} and igmp[0] = 0x16
IP4:IGMP:LEAVE-V2;${IP4:IGMP} and igmp[0] = 0x17
IP4:IGMP:REPORT-V3;${IP4:IGMP} and igmp[0] = 0x22
IP4:IGMP:MRD-ADV;${IP4:IGMP} and igmp[0] = 0x30
IP4:IGMP:MRD-SOL;${IP4:IGMP} and igmp[0] = 0x31
IP4:IGMP:MRD-TERM;${IP4:IGMP} and igmp[0] = 0x32

IP4:SSDP;${IP4} && ${%SSDP}
IP4:LLMNR;${IP4} && ${%LLMNR}
IP4:MDNS;${IP4} && ${%MDNS}
IP4:NB-NS;${IP4} && ${%NB-NS}
IP4:NB-DGM;${IP4} && ${%NB-DGM}
IP4:DP-LSP;${IP4} && ${%DP-LSP}
IP4:TRAP-DAEMON;${IP4} && ${%TRAP-DAEMON}
IP4:DHCP4;${IP4} && ${%DHCP4}
IP4:DHCP6;${IP4} && ${%DHCP6}
IP4:WS-DISC;${IP4} && ${%WS-DISC}
IP4:WSP;${IP4} && ${%WSP}
IP4:TEREDO;${IP4} && ${%TEREDO}
IP4:SPOTIFY;${IP4} && ${%SPOTIFY}
IP4:SIP;${IP4} && ${%SIP}
IP4:BT-LPD;${IP4} && ${%BT-LPD}
IP4:NVBM;${IP4} && ${%NVBM}
IP4:SVRLOC;${IP4} && ${%SVRLOC}
IP4:ENPC;${IP4} && ${%ENPC}
IP4:QTSTREAM;${IP4} && ${%QTSTREAM}
IP4:HDHOMERUN;${IP4} && ${%HDHOMERUN}
IP4:PLEX-DISC0;${IP4} && ${%PLEX-DISC0}
IP4:PLEX-DISC2;${IP4} && ${%PLEX-DISC2}
IP4:PLEX-DISC3;${IP4} && ${%PLEX-DISC3}
IP4:PLEX-DISC4;${IP4} && ${%PLEX-DISC4}
IP4:BT-UTP;${IP4} && ${%BT-UTP}
IP4:WF-BSSERV;${IP4} && ${%WF-BSSERV}
IP4:FAXIMUM;${IP4} && ${%FAXIMUM}
IP4:TOMCAT;${IP4} && ${%TOMCAT}
IP4:DISTINCT;${IP4} && ${%DISTINCT}
IP4:UDP-25412;${IP4} && ${%UDP-25412}
IP4:UDP-10203;${IP4} && ${%UDP-10203}
IP4:UDP-60128;${IP4} && ${%UDP-60128}
IP4:COREL-VNC;${IP4} && ${%COREL-VNC}
IP4:HPVMMCTRL;${IP4} && ${%HPVMMCTRL}
IP4:CBT;${IP4} && ${%CBT}
IP4:MCAFEE;${IP4} && ${%MCAFEE}
IP4:UDP-39455;${IP4} && ${%UDP-39455}
IP4:UDP-889;${IP4} && ${%UDP-889}
IP4:UDP-16962;${IP4} && ${%UDP-16962}
IP4:TSEQ;${IP4} && ${%TSEQ}
IP4:CANON-BJNP;${IP4} && ${%CANON-BJNP}
IP4:RIP;${IP4} && ${%RIP}
IP4:RIPNG;${IP4} && ${%RIPNG}
IP4:OSPF;${IP4} && ${%OSPF}
IP4:PIM;${IP4} && ${%PIM}
IP4:BABEL;${IP4} && ${%BABEL}
IP4:RESPONDD-QRY;${IP4} && ${%RESPONDD-QRY}
IP4:MC-ALL;${IP4} && ${%MC}

IP6:SSDP;${IP6} && ${%SSDP}
IP6:LLMNR;${IP6} && ${%LLMNR}
IP6:MDNS;${IP6} && ${%MDNS}
IP6:NB-NS;${IP6} && ${%NB-NS}
IP6:NB-DGM;${IP6} && ${%NB-DGM}
IP6:DP-LSP;${IP6} && ${%DP-LSP}
IP6:TRAP-DAEMON;${IP6} && ${%TRAP-DAEMON}
IP6:DHCP4;${IP6} && ${%DHCP4}
IP6:DHCP6;${IP6} && ${%DHCP6}
IP6:WS-DISC;${IP6} && ${%WS-DISC}
IP6:WSP;${IP6} && ${%WSP}
IP6:TEREDO;${IP6} && ${%TEREDO}
IP6:SPOTIFY;${IP6} && ${%SPOTIFY}
IP6:SIP;${IP6} && ${%SIP}
IP6:BT-LPD;${IP6} && ${%BT-LPD}
IP6:NVBM;${IP6} && ${%NVBM}
IP6:SVRLOC;${IP6} && ${%SVRLOC}
IP6:ENPC;${IP6} && ${%ENPC}
IP6:QTSTREAM;${IP6} && ${%QTSTREAM}
IP6:HDHOMERUN;${IP6} && ${%HDHOMERUN}
IP6:PLEX-DISC0;${IP6} && ${%PLEX-DISC0}
IP6:PLEX-DISC2;${IP6} && ${%PLEX-DISC2}
IP6:PLEX-DISC3;${IP6} && ${%PLEX-DISC3}
IP6:PLEX-DISC4;${IP6} && ${%PLEX-DISC4}
IP6:BT-UTP;${IP6} && ${%BT-UTP}
IP6:WF-BSSERV;${IP6} && ${%WF-BSSERV}
IP6:FAXIMUM;${IP6} && ${%FAXIMUM}
IP6:TOMCAT;${IP6} && ${%TOMCAT}
IP6:DISTINCT;${IP6} && ${%DISTINCT}
IP6:UDP-25412;${IP6} && ${%UDP-25412}
IP6:UDP-10203;${IP6} && ${%UDP-10203}
IP6:UDP-60128;${IP6} && ${%UDP-60128}
IP6:COREL-VNC;${IP6} && ${%COREL-VNC}
IP6:HPVMMCTRL;${IP6} && ${%HPVMMCTRL}
IP6:CBT;${IP6} && ${%CBT}
IP6:MCAFEE;${IP6} && ${%MCAFEE}
IP6:UDP-39455;${IP6} && ${%UDP-39455}
IP6:UDP-889;${IP6} && ${%UDP-889}
IP6:UDP-16962;${IP6} && ${%UDP-16962}
IP6:TSEQ;${IP6} && ${%TSEQ}
IP6:CANON-BJNP;${IP6} && ${%CANON-BJNP}
IP6:RIP;${IP6} && ${%RIP}
IP6:RIPNG;${IP6} && ${%RIPNG}
IP6:OSPF;${IP6} && ${%OSPF}
IP6:PIM;${IP6} && ${%PIM}
IP6:BABEL;${IP6} && ${%BABEL}
IP6:RESPONDD-QRY;${IP6} && ${%RESPONDD-QRY}
IP6:MC-ALL;${IP6} && ${%MC}

IP6:HBH6;ip6 && ${%HBH6}
IP6:ICMP6;ip6 && ${%ICMP6}

IP6:HBH6:MLD;${IP6:HBH6} and ip6[40] = 58 and ip6[41] = 0x00 and ip6[42:4] = 0x05020000 and (ip6[46:2] = 0x0000 or ip6[46:2] = 0x0100)
IP6:HBH6:MLD:QUERY-V1;${IP6:HBH6:MLD} and ip6[48] = 130 and ip6[4:2] = 0x0020
IP6:HBH6:MLD:QUERY-V1:GENERAL;${IP6:HBH6:MLD:QUERY-V1} and ip6[56:4] = 0x00000000 and ip6[60:4] = 0x00000000 and ip6[64:4] = 0x00000000 and ip6[68:4] = 0x00000000
IP6:HBH6:MLD:QUERY-V1:ADDRSPEC;${IP6:HBH6:MLD:QUERY-V1} and not (ip6[56:4] = 0x00000000 and ip6[60:4] = 0x00000000 and ip6[64:4] = 0x00000000 and ip6[68:4] = 0x00000000)
IP6:HBH6:MLD:QUERY-V2;${IP6:HBH6:MLD} and ip6[48] = 130 and ip6[4:2] >= 0x0024
IP6:HBH6:MLD:QUERY-V2:GENERAL;${IP6:HBH6:MLD:QUERY-V2} and ip6[56:4] = 0x00000000 and ip6[60:4] = 0x00000000 and ip6[64:4] = 0x00000000 and ip6[68:4] = 0x00000000
IP6:HBH6:MLD:QUERY-V2:ADDRSPEC;${IP6:HBH6:MLD:QUERY-V2} and not (ip6[56:4] = 0x00000000 and ip6[60:4] = 0x00000000 and ip6[64:4] = 0x00000000 and ip6[68:4] = 0x00000000)
IP6:HBH6:MLD:QUERY-UNKNOWN;${IP6:HBH6:MLD} and ip6[48] = 130 and not (ip6[4:2] = 0x0020 or ip6[4:2] >= 0x0024)
IP6:HBH6:MLD:REPORT-V1;${IP6:HBH6:MLD} and ip6[48] = 131
IP6:HBH6:MLD:DONE-V1;${IP6:HBH6:MLD} and ip6[48] = 132
IP6:HBH6:MLD:REPORT-V2;${IP6:HBH6:MLD} and ip6[48] = 143
IP6:HBH6:MLD:MRD-ADV;${IP6:HBH6:MLD} and ip6[48] = 151
IP6:HBH6:MLD:MRD-SOL;${IP6:HBH6:MLD} and ip6[48] = 152
IP6:HBH6:MLD:MRD-TERM;${IP6:HBH6:MLD} and ip6[48] = 153
IP6:HBH6:OTHER;${IP6:HBH6} and not ${IP6:HBH6:MLD}

IP6:ICMP6:ECHOREQ;${IP6} && ${%ICMP6:ECHOREQ}
IP6:ICMP6:ECHOREP;${IP6} && ${%ICMP6:ECHOREP}
IP6:ICMP6:NDSOL;${IP6} && ${%ICMP6:NDSOL}
IP6:ICMP6:NDADV;${IP6} && ${%ICMP6:NDADV}
IP6:ICMP6:NDADV:UNSOL;${IP6} and ${%ICMP6:NDADV:UNSOL}
IP6:ICMP6:NDADV:OTHER;${IP6} and ${%ICMP6:NDADV:OTHER}
IP6:ICMP6:RTRSOL;${IP6} && ${%ICMP6:RTRSOL}
IP6:ICMP6:RTRADV;${IP6} && ${%ICMP6:RTRADV}
IP6:ICMP6:OTHER;${IP6:ICMP6} && not (${%ICMP6:ECHOREQ} || ${%ICMP6:ECHOREP} || ${%ICMP6:NDSOL} || ${%ICMP6:NDADV} || ${%ICMP6:RTRSOL} || ${%ICMP6:RTRADV})

BLA-CLAIM;${BLA} and arp[21:1] = 0x00
BLA-UNCLAIM;${BLA} and arp[21:1] = 0x01
BLA-ANNOUNCE;${BLA} and arp[21:1] = 0x02
BLA-REQUEST;${BLA} and arp[21:1] = 0x03
BLA-LOOPDETECT;${BLA} and arp[21:1] = 0x04

ARP:REQ;${ARP} and arp[6:2] = 0x0001
ARP:REQ:UNSOL;${ARP:REQ} and arp[18:4] = 0xffffffff and arp[22:2] = 0xffff
ARP:REQ:OTHER;${ARP:REQ} and not (arp[18:4] = 0xffffffff and arp[22:2] = 0xffff)
ARP:REP;${ARP} and arp[6:2] = 0x0002
ARP:REP:UNSOL;${ARP:REP} and arp[18:4] = 0xffffffff and arp[22:2] = 0xffff
ARP:REP:OTHER;${ARP:REP} and not (arp[18:4] = 0xffffffff and arp[22:2] = 0xffff)


BAT-OGM_IV;batadv 15 iv_ogm
BAT-OGM_V;batadv 15 ogm2
BAT-ELP;batadv 15 elp
BAT-UCAST;batadv 15 unicast
BAT-UCAST4;batadv 15 unicast_4addr
BAT-UCAST_FRAG;batadv 15 unicast_frag
BAT-UCAST_TVLV;batadv 15 unicast_tvlv
BAT-BCAST;batadv 15 bcast
BAT-ICMP;batadv 15 \icmp
BAT-CODED;batadv 15 coded
BAT-ALL;batadv
BAT-OTHER;batadv and not (${BAT-OGM_IV} || ${BAT-OGM_V} || ${BAT-ELP} || ${BAT-UCAST} || ${BAT-UCAST4} || ${BAT-UCAST_FRAG} || ${BAT-UCAST_TVLV} || ${BAT-BCAST} || ${BAT-ICMP} || ${BAT-CODED})


BAT-BCAST:IP4;${BAT-BCAST} && ${IP4}
BAT-BCAST:IP6;${BAT-BCAST} && ${IP6}
BAT-BCAST:BLA;${BAT-BCAST} && ${BLA}
BAT-BCAST:ARP;${BAT-BCAST} && ${ARP}
BAT-BCAST:IPX;${BAT-BCAST} && ${IPX}
BAT-BCAST:NETBEUI;${BAT-BCAST} && ${NETBEUI}
BAT-BCAST:OTHER;${BAT-BCAST} && not (${BAT-BCAST:IP4} || ${BAT-BCAST:IP6} || ${BAT-BCAST:BLA} || ${BAT-BCAST:ARP} || ${BAT-BCAST:IPX} || ${BAT-BCAST:NETBEUI})

BAT-UCAST:IP4;${BAT-UCAST} && ${IP4}
BAT-UCAST:IP6;${BAT-UCAST} && ${IP6}
BAT-UCAST:BLA;${BAT-UCAST} && ${BLA}
BAT-UCAST:ARP;${BAT-UCAST} && ${ARP}
BAT-UCAST:IPX;${BAT-UCAST} && ${IPX}
BAT-UCAST:NETBEUI;${BAT-UCAST} && ${NETBEUI}
BAT-UCAST:OTHER;${BAT-UCAST} && not (${BAT-UCAST:IP4} || ${BAT-UCAST:IP6} || ${BAT-UCAST:BLA} || ${BAT-UCAST:ARP} || ${BAT-UCAST:IPX} || ${BAT-UCAST:NETBEUI})

BAT-UCAST4:IP4;${BAT-UCAST4} && ${IP4}
BAT-UCAST4:IP6;${BAT-UCAST4} && ${IP6}
BAT-UCAST4:BLA;${BAT-UCAST4} && ${BLA}
BAT-UCAST4:ARP;${BAT-UCAST4} && ${ARP}
BAT-UCAST4:IPX;${BAT-UCAST4} && ${IPX}
BAT-UCAST4:NETBEUI;${BAT-UCAST4} && ${NETBEUI}
BAT-UCAST4:OTHER;${BAT-UCAST4} && not (${BAT-UCAST4:IP4} || ${BAT-UCAST4:IP6} || ${BAT-UCAST4:BLA} || ${BAT-UCAST4:ARP} || ${BAT-UCAST4:IPX} || ${BAT-UCAST4:NETBEUI})

BAT-UCAST_TVLV:IP4;${BAT-UCAST_TVLV} && ${IP4}
BAT-UCAST_TVLV:IP6;${BAT-UCAST_TVLV} && ${IP6}
BAT-UCAST_TVLV:BLA;${BAT-UCAST_TVLV} && ${BLA}
BAT-UCAST_TVLV:ARP;${BAT-UCAST_TVLV} && ${ARP}
BAT-UCAST_TVLV:IPX;${BAT-UCAST_TVLV} && ${IPX}
BAT-UCAST_TVLV:NETBEUI;${BAT-UCAST_TVLV} && ${NETBEUI}
BAT-UCAST_TVLV:OTHER;${BAT-UCAST_TVLV} && not (${BAT-UCAST_TVLV:IP4} || ${BAT-UCAST_TVLV:IP6} || ${BAT-UCAST_TVLV:BLA} || ${BAT-UCAST_TVLV:ARP} || ${BAT-UCAST_TVLV:IPX} || ${BAT-UCAST_TVLV:NETBEUI})


BAT-BCAST:IP4:IGMP;${BAT-BCAST} && ${IP4:IGMP}
BAT-BCAST:IP4:IGMP:QUERY-V1;${BAT-BCAST} && ${IP4:IGMP:QUERY-V1}
BAT-BCAST:IP4:IGMP:QUERY-V2;${BAT-BCAST} && ${IP4:IGMP:QUERY-V2}
BAT-BCAST:IP4:IGMP:QUERY-V3;${BAT-BCAST} && ${IP4:IGMP:QUERY-V3}
BAT-BCAST:IP4:IGMP:QUERY-UNKNOWN;${BAT-BCAST} && ${IP4:IGMP:QUERY-UNKNOWN}
BAT-BCAST:IP4:IGMP:REPORT-V1;${BAT-BCAST} && ${IP4:IGMP:REPORT-V1}
BAT-BCAST:IP4:IGMP:REPORT-V2;${BAT-BCAST} && ${IP4:IGMP:REPORT-V2}
BAT-BCAST:IP4:IGMP:LEAVE-V2;${BAT-BCAST} && ${IP4:IGMP:LEAVE-V2}
BAT-BCAST:IP4:IGMP:REPORT-V3;${BAT-BCAST} && ${IP4:IGMP:REPORT-V3}
BAT-BCAST:IP4:IGMP:MRD-ADV;${BAT-BCAST} && ${IP4:IGMP:MRD-ADV}
BAT-BCAST:IP4:IGMP:MRD-SOL;${BAT-BCAST} && ${IP4:IGMP:MRD-SOL}
BAT-BCAST:IP4:IGMP:MRD-TERM;${BAT-BCAST} && ${IP4:IGMP:MRD-TERM}

BAT-BCAST:IP4:SSDP;${BAT-BCAST:IP4} && ${%SSDP}
BAT-BCAST:IP4:LLMNR;${BAT-BCAST:IP4} && ${%LLMNR}
BAT-BCAST:IP4:MDNS;${BAT-BCAST:IP4} && ${%MDNS}
BAT-BCAST:IP4:NB-NS;${BAT-BCAST:IP4} && ${%NB-NS}
BAT-BCAST:IP4:NB-DGM;${BAT-BCAST:IP4} && ${%NB-DGM}
BAT-BCAST:IP4:DP-LSP;${BAT-BCAST:IP4} && ${%DP-LSP}
BAT-BCAST:IP4:TRAP-DAEMON;${BAT-BCAST:IP4} && ${%TRAP-DAEMON}
BAT-BCAST:IP4:DHCP4;${BAT-BCAST:IP4} && ${%DHCP4}
BAT-BCAST:IP4:DHCP6;${BAT-BCAST:IP4} && ${%DHCP6}
BAT-BCAST:IP4:WS-DISC;${BAT-BCAST:IP4} && ${%WS-DISC}
BAT-BCAST:IP4:WSP;${BAT-BCAST:IP4} && ${%WSP}
BAT-BCAST:IP4:TEREDO;${BAT-BCAST:IP4} && ${%TEREDO}
BAT-BCAST:IP4:SPOTIFY;${BAT-BCAST:IP4} && ${%SPOTIFY}
BAT-BCAST:IP4:SIP;${BAT-BCAST:IP4} && ${%SIP}
BAT-BCAST:IP4:BT-LPD;${BAT-BCAST:IP4} && ${%BT-LPD}
BAT-BCAST:IP4:NVBM;${BAT-BCAST:IP4} && ${%NVBM}
BAT-BCAST:IP4:SVRLOC;${BAT-BCAST:IP4} && ${%SVRLOC}
BAT-BCAST:IP4:ENPC;${BAT-BCAST:IP4} && ${%ENPC}
BAT-BCAST:IP4:QTSTREAM;${BAT-BCAST:IP4} && ${%QTSTREAM}
BAT-BCAST:IP4:HDHOMERUN;${BAT-BCAST:IP4} && ${%HDHOMERUN}
BAT-BCAST:IP4:PLEX-DISC0;${BAT-BCAST:IP4} && ${%PLEX-DISC0}
BAT-BCAST:IP4:PLEX-DISC2;${BAT-BCAST:IP4} && ${%PLEX-DISC2}
BAT-BCAST:IP4:PLEX-DISC3;${BAT-BCAST:IP4} && ${%PLEX-DISC3}
BAT-BCAST:IP4:PLEX-DISC4;${BAT-BCAST:IP4} && ${%PLEX-DISC4}
BAT-BCAST:IP4:BT-UTP;${BAT-BCAST:IP4} && ${%BT-UTP}
BAT-BCAST:IP4:WF-BSSERV;${BAT-BCAST:IP4} && ${%WF-BSSERV}
BAT-BCAST:IP4:FAXIMUM;${BAT-BCAST:IP4} && ${%FAXIMUM}
BAT-BCAST:IP4:TOMCAT;${BAT-BCAST:IP4} && ${%TOMCAT}
BAT-BCAST:IP4:DISTINCT;${BAT-BCAST:IP4} && ${%DISTINCT}
BAT-BCAST:IP4:UDP-25412;${BAT-BCAST:IP4} && ${%UDP-25412}
BAT-BCAST:IP4:UDP-10203;${BAT-BCAST:IP4} && ${%UDP-10203}
BAT-BCAST:IP4:UDP-60128;${BAT-BCAST:IP4} && ${%UDP-60128}
BAT-BCAST:IP4:COREL-VNC;${BAT-BCAST:IP4} && ${%COREL-VNC}
BAT-BCAST:IP4:HPVMMCTRL;${BAT-BCAST:IP4} && ${%HPVMMCTRL}
BAT-BCAST:IP4:CBT;${BAT-BCAST:IP4} && ${%CBT}
BAT-BCAST:IP4:MCAFEE;${BAT-BCAST:IP4} && ${%MCAFEE}
BAT-BCAST:IP4:UDP-39455;${BAT-BCAST:IP4} && ${%UDP-39455}
BAT-BCAST:IP4:UDP-889;${BAT-BCAST:IP4} && ${%UDP-889}
BAT-BCAST:IP4:UDP-16962;${BAT-BCAST:IP4} && ${%UDP-16962}
BAT-BCAST:IP4:TSEQ;${BAT-BCAST:IP4} && ${%TSEQ}
BAT-BCAST:IP4:CANON-BJNP;${BAT-BCAST:IP4} && ${%CANON-BJNP}
BAT-BCAST:IP4:RIP;${BAT-BCAST:IP4} && ${%RIP}
BAT-BCAST:IP4:RIPNG;${BAT-BCAST:IP4} && ${%RIPNG}
BAT-BCAST:IP4:OSPF;${BAT-BCAST:IP4} && ${%OSPF}
BAT-BCAST:IP4:PIM;${BAT-BCAST:IP4} && ${%PIM}
BAT-BCAST:IP4:BABEL;${BAT-BCAST:IP4} && ${%BABEL}
BAT-BCAST:IP4:RESPONDD-QRY;${BAT-BCAST:IP4} && ${%RESPONDD-QRY}
BAT-BCAST:IP4:MC-ALL;${BAT-BCAST:IP4} && ${%MC}

BAT-BCAST:IP6:SSDP;${BAT-BCAST:IP6} && ${%SSDP}
BAT-BCAST:IP6:LLMNR;${BAT-BCAST:IP6} && ${%LLMNR}
BAT-BCAST:IP6:MDNS;${BAT-BCAST:IP6} && ${%MDNS}
BAT-BCAST:IP6:NB-NS;${BAT-BCAST:IP6} && ${%NB-NS}
BAT-BCAST:IP6:NB-DGM;${BAT-BCAST:IP6} && ${%NB-DGM}
BAT-BCAST:IP6:DP-LSP;${BAT-BCAST:IP6} && ${%DP-LSP}
BAT-BCAST:IP6:TRAP-DAEMON;${BAT-BCAST:IP6} && ${%TRAP-DAEMON}
BAT-BCAST:IP6:DHCP4;${BAT-BCAST:IP6} && ${%DHCP4}
BAT-BCAST:IP6:DHCP6;${BAT-BCAST:IP6} && ${%DHCP6}
BAT-BCAST:IP6:WS-DISC;${BAT-BCAST:IP6} && ${%WS-DISC}
BAT-BCAST:IP6:WSP;${BAT-BCAST:IP6} && ${%WSP}
BAT-BCAST:IP6:TEREDO;${BAT-BCAST:IP6} && ${%TEREDO}
BAT-BCAST:IP6:SPOTIFY;${BAT-BCAST:IP6} && ${%SPOTIFY}
BAT-BCAST:IP6:SIP;${BAT-BCAST:IP6} && ${%SIP}
BAT-BCAST:IP6:BT-LPD;${BAT-BCAST:IP6} && ${%BT-LPD}
BAT-BCAST:IP6:NVBM;${BAT-BCAST:IP6} && ${%NVBM}
BAT-BCAST:IP6:SVRLOC;${BAT-BCAST:IP6} && ${%SVRLOC}
BAT-BCAST:IP6:ENPC;${BAT-BCAST:IP6} && ${%ENPC}
BAT-BCAST:IP6:QTSTREAM;${BAT-BCAST:IP6} && ${%QTSTREAM}
BAT-BCAST:IP6:HDHOMERUN;${BAT-BCAST:IP6} && ${%HDHOMERUN}
BAT-BCAST:IP6:PLEX-DISC0;${BAT-BCAST:IP6} && ${%PLEX-DISC0}
BAT-BCAST:IP6:PLEX-DISC2;${BAT-BCAST:IP6} && ${%PLEX-DISC2}
BAT-BCAST:IP6:PLEX-DISC3;${BAT-BCAST:IP6} && ${%PLEX-DISC3}
BAT-BCAST:IP6:PLEX-DISC4;${BAT-BCAST:IP6} && ${%PLEX-DISC4}
BAT-BCAST:IP6:BT-UTP;${BAT-BCAST:IP6} && ${%BT-UTP}
BAT-BCAST:IP6:WF-BSSERV;${BAT-BCAST:IP6} && ${%WF-BSSERV}
BAT-BCAST:IP6:FAXIMUM;${BAT-BCAST:IP6} && ${%FAXIMUM}
BAT-BCAST:IP6:TOMCAT;${BAT-BCAST:IP6} && ${%TOMCAT}
BAT-BCAST:IP6:DISTINCT;${BAT-BCAST:IP6} && ${%DISTINCT}
BAT-BCAST:IP6:UDP-25412;${BAT-BCAST:IP6} && ${%UDP-25412}
BAT-BCAST:IP6:UDP-10203;${BAT-BCAST:IP6} && ${%UDP-10203}
BAT-BCAST:IP6:UDP-60128;${BAT-BCAST:IP6} && ${%UDP-60128}
BAT-BCAST:IP6:COREL-VNC;${BAT-BCAST:IP6} && ${%COREL-VNC}
BAT-BCAST:IP6:HPVMMCTRL;${BAT-BCAST:IP6} && ${%HPVMMCTRL}
BAT-BCAST:IP6:CBT;${BAT-BCAST:IP6} && ${%CBT}
BAT-BCAST:IP6:MCAFEE;${BAT-BCAST:IP6} && ${%MCAFEE}
BAT-BCAST:IP6:UDP-39455;${BAT-BCAST:IP6} && ${%UDP-39455}
BAT-BCAST:IP6:UDP-889;${BAT-BCAST:IP6} && ${%UDP-889}
BAT-BCAST:IP6:UDP-16962;${BAT-BCAST:IP6} && ${%UDP-16962}
BAT-BCAST:IP6:TSEQ;${BAT-BCAST:IP6} && ${%TSEQ}
BAT-BCAST:IP6:CANON-BJNP;${BAT-BCAST:IP6} && ${%CANON-BJNP}
BAT-BCAST:IP6:RIP;${BAT-BCAST:IP6} && ${%RIP}
BAT-BCAST:IP6:RIPNG;${BAT-BCAST:IP6} && ${%RIPNG}
BAT-BCAST:IP6:OSPF;${BAT-BCAST:IP6} && ${%OSPF}
BAT-BCAST:IP6:PIM;${BAT-BCAST:IP6} && ${%PIM}
BAT-BCAST:IP6:BABEL;${BAT-BCAST:IP6} && ${%BABEL}
BAT-BCAST:IP6:RESPONDD-QRY;${BAT-BCAST:IP6} && ${%RESPONDD-QRY}
BAT-BCAST:IP6:MC-ALL;${BAT-BCAST:IP6} && ${%MC}

BAT-BCAST:IP6:HBH6;${BAT-BCAST:IP6} && ${%HBH6}
BAT-BCAST:IP6:ICMP6;${BAT-BCAST:IP6} && ${%ICMP6}

BAT-BCAST:IP6:HBH6:MLD;${BAT-BCAST} && ${IP6:HBH6:MLD}
BAT-BCAST:IP6:HBH6:MLD:QUERY-V1;${BAT-BCAST} && ${IP6:HBH6:MLD:QUERY-V1}
BAT-BCAST:IP6:HBH6:MLD:QUERY-V1:GENERAL;${BAT-BCAST} && ${IP6:HBH6:MLD:QUERY-V1:GENERAL}
BAT-BCAST:IP6:HBH6:MLD:QUERY-V1:ADDRSPEC;${BAT-BCAST} && ${IP6:HBH6:MLD:QUERY-V1:ADDRSPEC}
BAT-BCAST:IP6:HBH6:MLD:QUERY-V2;${BAT-BCAST} && ${IP6:HBH6:MLD:QUERY-V2}
BAT-BCAST:IP6:HBH6:MLD:QUERY-V2:GENERAL;${BAT-BCAST} && ${IP6:HBH6:MLD:QUERY-V2:GENERAL}
BAT-BCAST:IP6:HBH6:MLD:QUERY-V2:ADDRSPEC;${BAT-BCAST} && ${IP6:HBH6:MLD:QUERY-V2:ADDRSPEC}
BAT-BCAST:IP6:HBH6:MLD:QUERY-UNKNOWN;${BAT-BCAST} && ${IP6:HBH6:MLD:QUERY-UNKNOWN}
BAT-BCAST:IP6:HBH6:MLD:REPORT-V1;${BAT-BCAST} && ${IP6:HBH6:MLD:REPORT-V1}
BAT-BCAST:IP6:HBH6:MLD:DONE-V1;${BAT-BCAST} && ${IP6:HBH6:MLD:DONE-V1}
BAT-BCAST:IP6:HBH6:MLD:REPORT-V2;${BAT-BCAST} && ${IP6:HBH6:MLD:REPORT-V2}
BAT-BCAST:IP6:HBH6:MLD:MRD-ADV;${BAT-BCAST} && ${IP6:HBH6:MLD:MRD-ADV}
BAT-BCAST:IP6:HBH6:MLD:MRD-SOL;${BAT-BCAST} && ${IP6:HBH6:MLD:MRD-SOL}
BAT-BCAST:IP6:HBH6:MLD:MRD-TERM;${BAT-BCAST} && ${IP6:HBH6:MLD:MRD-TERM}
BAT-BCAST:IP6:HBH6:OTHER;${BAT-BCAST} && ${IP6:HBH6} and not (${BAT-BCAST:IP6:HBH6:MLD})

BAT-BCAST:IP6:ICMP6:ECHOREQ;${BAT-BCAST:IP6} && ${%ICMP6:ECHOREQ}
BAT-BCAST:IP6:ICMP6:ECHOREP;${BAT-BCAST:IP6} && ${%ICMP6:ECHOREP}
BAT-BCAST:IP6:ICMP6:NDSOL;${BAT-BCAST:IP6} && ${%ICMP6:NDSOL}
BAT-BCAST:IP6:ICMP6:NDADV;${BAT-BCAST:IP6} && ${%ICMP6:NDADV}
BAT-BCAST:IP6:ICMP6:NDADV:UNSOL;${BAT-BCAST:IP6} and ${%ICMP6:NDADV:UNSOL}
BAT-BCAST:IP6:ICMP6:NDADV:OTHER;${BAT-BCAST:IP6} and ${%ICMP6:NDADV:OTHER}
BAT-BCAST:IP6:ICMP6:RTRSOL;${BAT-BCAST:IP6} && ${%ICMP6:RTRSOL}
BAT-BCAST:IP6:ICMP6:RTRADV;${BAT-BCAST:IP6} && ${%ICMP6:RTRADV}
BAT-BCAST:IP6:ICMP6:OTHER;${BAT-BCAST:IP6:ICMP6} && not (${%ICMP6:ECHOREQ} || ${%ICMP6:ECHOREP} || ${%ICMP6:NDSOL} || ${%ICMP6:NDADV} || ${%ICMP6:RTRSOL} || ${%ICMP6:RTRADV})

BAT-BCAST:BLA:CLAIM;${BAT-BCAST} and ${BLA-CLAIM}
BAT-BCAST:BLA:UNCLAIM;${BAT-BCAST} and ${BLA-UNCLAIM}
BAT-BCAST:BLA:ANNOUNCE;${BAT-BCAST} and ${BLA-ANNOUNCE}
BAT-BCAST:BLA:REQUEST;${BAT-BCAST} and ${BLA-REQUEST}
BAT-BCAST:BLA:LOOPDETECT;${BAT-BCAST} and ${BLA-LOOPDETECT}

BAT-BCAST:ARP:REQ;${BAT-BCAST} and ${ARP:REQ}
BAT-BCAST:ARP:REQ:UNSOL;${BAT-BCAST} and ${ARP:REQ:UNSOL}
BAT-BCAST:ARP:REQ:OTHER;${BAT-BCAST} and ${ARP:REQ:OTHER}
BAT-BCAST:ARP:REP;${BAT-BCAST} and ${ARP:REP}
BAT-BCAST:ARP:REP:UNSOL;${BAT-BCAST} and ${ARP:REP:UNSOL}
BAT-BCAST:ARP:REP:OTHER;${BAT-BCAST} and ${ARP:REP:OTHER}


BAT-UCAST:IP4:IGMP;${BAT-UCAST} && ${IP4:IGMP}
BAT-UCAST:IP4:IGMP:QUERY-V1;${BAT-UCAST} && ${IP4:IGMP:QUERY-V1}
BAT-UCAST:IP4:IGMP:QUERY-V2;${BAT-UCAST} && ${IP4:IGMP:QUERY-V2}
BAT-UCAST:IP4:IGMP:QUERY-V3;${BAT-UCAST} && ${IP4:IGMP:QUERY-V3}
BAT-UCAST:IP4:IGMP:QUERY-UNKNOWN;${BAT-UCAST} && ${IP4:IGMP:QUERY-UNKNOWN}
BAT-UCAST:IP4:IGMP:REPORT-V1;${BAT-UCAST} && ${IP4:IGMP:REPORT-V1}
BAT-UCAST:IP4:IGMP:REPORT-V2;${BAT-UCAST} && ${IP4:IGMP:REPORT-V2}
BAT-UCAST:IP4:IGMP:LEAVE-V2;${BAT-UCAST} && ${IP4:IGMP:LEAVE-V2}
BAT-UCAST:IP4:IGMP:REPORT-V3;${BAT-UCAST} && ${IP4:IGMP:REPORT-V3}
BAT-UCAST:IP4:IGMP:MRD-ADV;${BAT-UCAST} && ${IP4:IGMP:MRD-ADV}
BAT-UCAST:IP4:IGMP:MRD-SOL;${BAT-UCAST} && ${IP4:IGMP:MRD-SOL}
BAT-UCAST:IP4:IGMP:MRD-TERM;${BAT-UCAST} && ${IP4:IGMP:MRD-TERM}

BAT-UCAST:IP4:SSDP;${BAT-UCAST:IP4} && ${%SSDP}
BAT-UCAST:IP4:LLMNR;${BAT-UCAST:IP4} && ${%LLMNR}
BAT-UCAST:IP4:MDNS;${BAT-UCAST:IP4} && ${%MDNS}
BAT-UCAST:IP4:NB-NS;${BAT-UCAST:IP4} && ${%NB-NS}
BAT-UCAST:IP4:NB-DGM;${BAT-UCAST:IP4} && ${%NB-DGM}
BAT-UCAST:IP4:DP-LSP;${BAT-UCAST:IP4} && ${%DP-LSP}
BAT-UCAST:IP4:TRAP-DAEMON;${BAT-UCAST:IP4} && ${%TRAP-DAEMON}
BAT-UCAST:IP4:DHCP4;${BAT-UCAST:IP4} && ${%DHCP4}
BAT-UCAST:IP4:DHCP6;${BAT-UCAST:IP4} && ${%DHCP6}
BAT-UCAST:IP4:WS-DISC;${BAT-UCAST:IP4} && ${%WS-DISC}
BAT-UCAST:IP4:WSP;${BAT-UCAST:IP4} && ${%WSP}
BAT-UCAST:IP4:TEREDO;${BAT-UCAST:IP4} && ${%TEREDO}
BAT-UCAST:IP4:SPOTIFY;${BAT-UCAST:IP4} && ${%SPOTIFY}
BAT-UCAST:IP4:SIP;${BAT-UCAST:IP4} && ${%SIP}
BAT-UCAST:IP4:BT-LPD;${BAT-UCAST:IP4} && ${%BT-LPD}
BAT-UCAST:IP4:NVBM;${BAT-UCAST:IP4} && ${%NVBM}
BAT-UCAST:IP4:SVRLOC;${BAT-UCAST:IP4} && ${%SVRLOC}
BAT-UCAST:IP4:ENPC;${BAT-UCAST:IP4} && ${%ENPC}
BAT-UCAST:IP4:QTSTREAM;${BAT-UCAST:IP4} && ${%QTSTREAM}
BAT-UCAST:IP4:HDHOMERUN;${BAT-UCAST:IP4} && ${%HDHOMERUN}
BAT-UCAST:IP4:PLEX-DISC0;${BAT-UCAST:IP4} && ${%PLEX-DISC0}
BAT-UCAST:IP4:PLEX-DISC2;${BAT-UCAST:IP4} && ${%PLEX-DISC2}
BAT-UCAST:IP4:PLEX-DISC3;${BAT-UCAST:IP4} && ${%PLEX-DISC3}
BAT-UCAST:IP4:PLEX-DISC4;${BAT-UCAST:IP4} && ${%PLEX-DISC4}
BAT-UCAST:IP4:BT-UTP;${BAT-UCAST:IP4} && ${%BT-UTP}
BAT-UCAST:IP4:WF-BSSERV;${BAT-UCAST:IP4} && ${%WF-BSSERV}
BAT-UCAST:IP4:FAXIMUM;${BAT-UCAST:IP4} && ${%FAXIMUM}
BAT-UCAST:IP4:TOMCAT;${BAT-UCAST:IP4} && ${%TOMCAT}
BAT-UCAST:IP4:DISTINCT;${BAT-UCAST:IP4} && ${%DISTINCT}
BAT-UCAST:IP4:UDP-25412;${BAT-UCAST:IP4} && ${%UDP-25412}
BAT-UCAST:IP4:UDP-10203;${BAT-UCAST:IP4} && ${%UDP-10203}
BAT-UCAST:IP4:UDP-60128;${BAT-UCAST:IP4} && ${%UDP-60128}
BAT-UCAST:IP4:COREL-VNC;${BAT-UCAST:IP4} && ${%COREL-VNC}
BAT-UCAST:IP4:HPVMMCTRL;${BAT-UCAST:IP4} && ${%HPVMMCTRL}
BAT-UCAST:IP4:CBT;${BAT-UCAST:IP4} && ${%CBT}
BAT-UCAST:IP4:MCAFEE;${BAT-UCAST:IP4} && ${%MCAFEE}
BAT-UCAST:IP4:UDP-39455;${BAT-UCAST:IP4} && ${%UDP-39455}
BAT-UCAST:IP4:UDP-889;${BAT-UCAST:IP4} && ${%UDP-889}
BAT-UCAST:IP4:UDP-16962;${BAT-UCAST:IP4} && ${%UDP-16962}
BAT-UCAST:IP4:TSEQ;${BAT-UCAST:IP4} && ${%TSEQ}
BAT-UCAST:IP4:CANON-BJNP;${BAT-UCAST:IP4} && ${%CANON-BJNP}
BAT-UCAST:IP4:RIP;${BAT-UCAST:IP4} && ${%RIP}
BAT-UCAST:IP4:RIPNG;${BAT-UCAST:IP4} && ${%RIPNG}
BAT-UCAST:IP4:OSPF;${BAT-UCAST:IP4} && ${%OSPF}
BAT-UCAST:IP4:PIM;${BAT-UCAST:IP4} && ${%PIM}
BAT-UCAST:IP4:BABEL;${BAT-UCAST:IP4} && ${%BABEL}
BAT-UCAST:IP4:RESPONDD-QRY;${BAT-UCAST:IP4} && ${%RESPONDD-QRY}
BAT-UCAST:IP4:MC-ALL;${BAT-UCAST:IP4} && ${%MC}

BAT-UCAST:IP6:SSDP;${BAT-UCAST:IP6} && ${%SSDP}
BAT-UCAST:IP6:LLMNR;${BAT-UCAST:IP6} && ${%LLMNR}
BAT-UCAST:IP6:MDNS;${BAT-UCAST:IP6} && ${%MDNS}
BAT-UCAST:IP6:NB-NS;${BAT-UCAST:IP6} && ${%NB-NS}
BAT-UCAST:IP6:NB-DGM;${BAT-UCAST:IP6} && ${%NB-DGM}
BAT-UCAST:IP6:DP-LSP;${BAT-UCAST:IP6} && ${%DP-LSP}
BAT-UCAST:IP6:TRAP-DAEMON;${BAT-UCAST:IP6} && ${%TRAP-DAEMON}
BAT-UCAST:IP6:DHCP4;${BAT-UCAST:IP6} && ${%DHCP4}
BAT-UCAST:IP6:DHCP6;${BAT-UCAST:IP6} && ${%DHCP6}
BAT-UCAST:IP6:WS-DISC;${BAT-UCAST:IP6} && ${%WS-DISC}
BAT-UCAST:IP6:WSP;${BAT-UCAST:IP6} && ${%WSP}
BAT-UCAST:IP6:TEREDO;${BAT-UCAST:IP6} && ${%TEREDO}
BAT-UCAST:IP6:SPOTIFY;${BAT-UCAST:IP6} && ${%SPOTIFY}
BAT-UCAST:IP6:SIP;${BAT-UCAST:IP6} && ${%SIP}
BAT-UCAST:IP6:BT-LPD;${BAT-UCAST:IP6} && ${%BT-LPD}
BAT-UCAST:IP6:NVBM;${BAT-UCAST:IP6} && ${%NVBM}
BAT-UCAST:IP6:SVRLOC;${BAT-UCAST:IP6} && ${%SVRLOC}
BAT-UCAST:IP6:ENPC;${BAT-UCAST:IP6} && ${%ENPC}
BAT-UCAST:IP6:QTSTREAM;${BAT-UCAST:IP6} && ${%QTSTREAM}
BAT-UCAST:IP6:HDHOMERUN;${BAT-UCAST:IP6} && ${%HDHOMERUN}
BAT-UCAST:IP6:PLEX-DISC0;${BAT-UCAST:IP6} && ${%PLEX-DISC0}
BAT-UCAST:IP6:PLEX-DISC2;${BAT-UCAST:IP6} && ${%PLEX-DISC2}
BAT-UCAST:IP6:PLEX-DISC3;${BAT-UCAST:IP6} && ${%PLEX-DISC3}
BAT-UCAST:IP6:PLEX-DISC4;${BAT-UCAST:IP6} && ${%PLEX-DISC4}
BAT-UCAST:IP6:BT-UTP;${BAT-UCAST:IP6} && ${%BT-UTP}
BAT-UCAST:IP6:WF-BSSERV;${BAT-UCAST:IP6} && ${%WF-BSSERV}
BAT-UCAST:IP6:FAXIMUM;${BAT-UCAST:IP6} && ${%FAXIMUM}
BAT-UCAST:IP6:TOMCAT;${BAT-UCAST:IP6} && ${%TOMCAT}
BAT-UCAST:IP6:DISTINCT;${BAT-UCAST:IP6} && ${%DISTINCT}
BAT-UCAST:IP6:UDP-25412;${BAT-UCAST:IP6} && ${%UDP-25412}
BAT-UCAST:IP6:UDP-10203;${BAT-UCAST:IP6} && ${%UDP-10203}
BAT-UCAST:IP6:UDP-60128;${BAT-UCAST:IP6} && ${%UDP-60128}
BAT-UCAST:IP6:COREL-VNC;${BAT-UCAST:IP6} && ${%COREL-VNC}
BAT-UCAST:IP6:HPVMMCTRL;${BAT-UCAST:IP6} && ${%HPVMMCTRL}
BAT-UCAST:IP6:CBT;${BAT-UCAST:IP6} && ${%CBT}
BAT-UCAST:IP6:MCAFEE;${BAT-UCAST:IP6} && ${%MCAFEE}
BAT-UCAST:IP6:UDP-39455;${BAT-UCAST:IP6} && ${%UDP-39455}
BAT-UCAST:IP6:UDP-889;${BAT-UCAST:IP6} && ${%UDP-889}
BAT-UCAST:IP6:UDP-16962;${BAT-UCAST:IP6} && ${%UDP-16962}
BAT-UCAST:IP6:TSEQ;${BAT-UCAST:IP6} && ${%TSEQ}
BAT-UCAST:IP6:CANON-BJNP;${BAT-UCAST:IP6} && ${%CANON-BJNP}
BAT-UCAST:IP6:RIP;${BAT-UCAST:IP6} && ${%RIP}
BAT-UCAST:IP6:RIPNG;${BAT-UCAST:IP6} && ${%RIPNG}
BAT-UCAST:IP6:OSPF;${BAT-UCAST:IP6} && ${%OSPF}
BAT-UCAST:IP6:PIM;${BAT-UCAST:IP6} && ${%PIM}
BAT-UCAST:IP6:BABEL;${BAT-UCAST:IP6} && ${%BABEL}
BAT-UCAST:IP6:RESPONDD-QRY;${BAT-UCAST:IP6} && ${%RESPONDD-QRY}
BAT-UCAST:IP6:MC-ALL;${BAT-UCAST:IP6} && ${%MC}

BAT-UCAST:IP6:HBH6;${BAT-UCAST:IP6} && ${%HBH6}
BAT-UCAST:IP6:ICMP6;${BAT-UCAST:IP6} && ${%ICMP6}

BAT-UCAST:IP6:HBH6:MLD;${BAT-UCAST} && ${IP6:HBH6:MLD}
BAT-UCAST:IP6:HBH6:MLD:QUERY-V1;${BAT-UCAST} && ${IP6:HBH6:MLD:QUERY-V1}
BAT-UCAST:IP6:HBH6:MLD:QUERY-V1:GENERAL;${BAT-UCAST} && ${IP6:HBH6:MLD:QUERY-V1:GENERAL}
BAT-UCAST:IP6:HBH6:MLD:QUERY-V1:ADDRSPEC;${BAT-UCAST} && ${IP6:HBH6:MLD:QUERY-V1:ADDRSPEC}
BAT-UCAST:IP6:HBH6:MLD:QUERY-V2;${BAT-UCAST} && ${IP6:HBH6:MLD:QUERY-V2}
BAT-UCAST:IP6:HBH6:MLD:QUERY-V2:GENERAL;${BAT-UCAST} && ${IP6:HBH6:MLD:QUERY-V2:GENERAL}
BAT-UCAST:IP6:HBH6:MLD:QUERY-V2:ADDRSPEC;${BAT-UCAST} && ${IP6:HBH6:MLD:QUERY-V2:ADDRSPEC}
BAT-UCAST:IP6:HBH6:MLD:QUERY-UNKNOWN;${BAT-UCAST} && ${IP6:HBH6:MLD:QUERY-UNKNOWN}
BAT-UCAST:IP6:HBH6:MLD:REPORT-V1;${BAT-UCAST} && ${IP6:HBH6:MLD:REPORT-V1}
BAT-UCAST:IP6:HBH6:MLD:DONE-V1;${BAT-UCAST} && ${IP6:HBH6:MLD:DONE-V1}
BAT-UCAST:IP6:HBH6:MLD:REPORT-V2;${BAT-UCAST} && ${IP6:HBH6:MLD:REPORT-V2}
BAT-UCAST:IP6:HBH6:OTHER;${BAT-UCAST} && ${IP6:HBH6} and not (${BAT-UCAST:IP6:HBH6:MLD})

BAT-UCAST:IP6:ICMP6:ECHOREQ;${BAT-UCAST:IP6} && ${%ICMP6:ECHOREQ}
BAT-UCAST:IP6:ICMP6:ECHOREP;${BAT-UCAST:IP6} && ${%ICMP6:ECHOREP}
BAT-UCAST:IP6:ICMP6:NDSOL;${BAT-UCAST:IP6} && ${%ICMP6:NDSOL}
BAT-UCAST:IP6:ICMP6:NDADV;${BAT-UCAST:IP6} && ${%ICMP6:NDADV}
BAT-UCAST:IP6:ICMP6:NDADV:UNSOL;${BAT-UCAST:IP6} and ${%ICMP6:NDADV:UNSOL}
BAT-UCAST:IP6:ICMP6:NDADV:OTHER;${BAT-UCAST:IP6} and ${%ICMP6:NDADV:OTHER}
BAT-UCAST:IP6:ICMP6:RTRSOL;${BAT-UCAST:IP6} && ${%ICMP6:RTRSOL}
BAT-UCAST:IP6:ICMP6:RTRADV;${BAT-UCAST:IP6} && ${%ICMP6:RTRADV}
BAT-UCAST:IP6:HBH6:MLD:MRD-ADV;${BAT-UCAST} && ${IP6:HBH6:MLD:MRD-ADV}
BAT-UCAST:IP6:HBH6:MLD:MRD-SOL;${BAT-UCAST} && ${IP6:HBH6:MLD:MRD-SOL}
BAT-UCAST:IP6:HBH6:MLD:MRD-TERM;${BAT-UCAST} && ${IP6:HBH6:MLD:MRD-TERM}
BAT-UCAST:IP6:ICMP6:OTHER;${BAT-UCAST:IP6:ICMP6} && not (${%ICMP6:ECHOREQ} || ${%ICMP6:ECHOREP} || ${%ICMP6:NDSOL} || ${%ICMP6:NDADV} || ${%ICMP6:RTRSOL} || ${%ICMP6:RTRADV})

BAT-UCAST:BLA:CLAIM;${BAT-UCAST} and ${BLA-CLAIM}
BAT-UCAST:BLA:UNCLAIM;${BAT-UCAST} and ${BLA-UNCLAIM}
BAT-UCAST:BLA:ANNOUNCE;${BAT-UCAST} and ${BLA-ANNOUNCE}
BAT-UCAST:BLA:REQUEST;${BAT-UCAST} and ${BLA-REQUEST}
BAT-UCAST:BLA:LOOPDETECT;${BAT-UCAST} and ${BLA-LOOPDETECT}

BAT-UCAST:ARP:REQ;${BAT-UCAST} and ${ARP:REQ}
BAT-UCAST:ARP:REQ:UNSOL;${BAT-UCAST} and ${ARP:REQ:UNSOL}
BAT-UCAST:ARP:REQ:OTHER;${BAT-UCAST} and ${ARP:REQ:OTHER}
BAT-UCAST:ARP:REP;${BAT-UCAST} and ${ARP:REP}
BAT-UCAST:ARP:REP:UNSOL;${BAT-UCAST} and ${ARP:REP:UNSOL}
BAT-UCAST:ARP:REP:OTHER;${BAT-UCAST} and ${ARP:REP:OTHER}
